
Microsoft Visual Studio Solution File, Format Version 12.00
# Visual Studio Version 17
VisualStudioVersion = 17.12.35527.113
MinimumVisualStudioVersion = 10.0.40219.1
Project("{FAE04EC0-301F-11D3-BF4B-00C04F79EFBC}") = "BTVN_buoi2", "BTVN_buoi2\BTVN_buoi2.csproj", "{2658090F-9AF5-4E55-99E8-ECBF50F84DF9}"
EndProject
Project("{FAE04EC0-301F-11D3-BF4B-00C04F79EFBC}") = "BTVN", "BTVN\BTVN.csproj", "{5991EB2D-843D-42B8-BB5D-0F011873A5DC}"
EndProject
Project("{FAE04EC0-301F-11D3-BF4B-00C04F79EFBC}") = "Bai1.1", "Bai1.1\Bai1.1.csproj", "{B10EE8DE-CA8E-4689-83BC-3AB2A874A05C}"
EndProject
Project("{FAE04EC0-301F-11D3-BF4B-00C04F79EFBC}") = "Bai1.2", "Bai1.2\Bai1.2.csproj", "{70EEC719-FABC-4526-97E5-DB5BE4F30CFF}"
EndProject
Project("{FAE04EC0-301F-11D3-BF4B-00C04F79EFBC}") = "Bai1.3", "Bai1.3\Bai1.3.csproj", "{404C4A77-1E5B-48DB-9275-FDF79AF46B42}"
EndProject
Project("{FAE04EC0-301F-11D3-BF4B-00C04F79EFBC}") = "Bai1.4", "Bai1.4\Bai1.4.csproj", "{F652A163-6889-4945-99C1-C6490F76EF0A}"
EndProject
Project("{FAE04EC0-301F-11D3-BF4B-00C04F79EFBC}") = "bai1.5", "bai1.5\bai1.5.csproj", "{3D7406EE-1B95-489E-AF14-F55664D8355B}"
EndProject
Project("{FAE04EC0-301F-11D3-BF4B-00C04F79EFBC}") = "BTVN_Buoi3", "BTVN_Buoi3\BTVN_Buoi3.csproj", "{A9468C75-B37D-48D9-8389-A0C24FE92B68}"
EndProject
Project("{FAE04EC0-301F-11D3-BF4B-00C04F79EFBC}") = "Bai2.1", "Bai2.1\Bai2.1.csproj", "{70131BBA-FA88-457E-A769-FA2DE5CE493C}"
EndProject
Project("{FAE04EC0-301F-11D3-BF4B-00C04F79EFBC}") = "Bai2.2", "Bai2.2\Bai2.2.csproj", "{9523D25C-A3BC-4E09-9AB3-1CE4522479D1}"
EndProject
Project("{FAE04EC0-301F-11D3-BF4B-00C04F79EFBC}") = "Bai2.3", "Bai2.3\Bai2.3.csproj", "{7BD7CC3E-CFFA-4CE9-A538-21F4233E1A16}"
EndProject
Project("{FAE04EC0-301F-11D3-BF4B-00C04F79EFBC}") = "MoHinhNgatKetNoi", "MoHinhNgatKetNoi\MoHinhNgatKetNoi.csproj", "{75396CEC-F2A1-4913-B93D-F7610832ADEA}"
EndProject
Project("{FAE04EC0-301F-11D3-BF4B-00C04F79EFBC}") = "Bai2.4", "Bai2.4\Bai2.4.csproj", "{914947C3-E8CE-43F4-A1BA-460FE345FDE9}"
EndProject
Project("{FAE04EC0-301F-11D3-BF4B-00C04F79EFBC}") = "BTVN_buoi4", "BTVN_buoi4\BTVN_buoi4.csproj", "{8ABF165E-7F97-4889-98F4-8A12D9A95DD6}"
EndProject
Project("{FAE04EC0-301F-11D3-BF4B-00C04F79EFBC}") = "VD_5_2", "VD_5_2\VD_5_2.csproj", "{8DBE60A0-0C6C-4994-8062-3AC675AC20D7}"
EndProject
Project("{FAE04EC0-301F-11D3-BF4B-00C04F79EFBC}") = "VD_5_3", "VD_5_3\VD_5_3.csproj", "{12F29F18-69AF-4EDD-8373-1BA3DB52A956}"
EndProject
Project("{FAE04EC0-301F-11D3-BF4B-00C04F79EFBC}") = "VD_5_6_1", "VD_5_6_1\VD_5_6_1.csproj", "{6375F635-55D1-49CC-9440-D8EB3261A32C}"
EndProject
Project("{FAE04EC0-301F-11D3-BF4B-00C04F79EFBC}") = "VD_5_6_2", "VD_5_6_2\VD_5_6_2.csproj", "{91816BCA-C374-409C-B961-5084E952B947}"
EndProject
Project("{FAE04EC0-301F-11D3-BF4B-00C04F79EFBC}") = "VD_dataBinding", "VD_dataBinding\VD_dataBinding.csproj", "{1CBE9158-B490-450F-8948-BBDE94F8B0C0}"
EndProject
Project("{FAE04EC0-301F-11D3-BF4B-00C04F79EFBC}") = "VD_combobox", "VD_combobox\VD_combobox.csproj", "{CD9929A3-BF69-499D-907D-4F7DE3F256C9}"
EndProject
Project("{FAE04EC0-301F-11D3-BF4B-00C04F79EFBC}") = "Bai4_2", "Bai4_2\Bai4_2.csproj", "{9E1C5108-CB93-434C-BFD2-4943B650DE1D}"
EndProject
Project("{FAE04EC0-301F-11D3-BF4B-00C04F79EFBC}") = "Bai4.1", "Bai4.1\Bai4.1.csproj", "{7EB76816-5841-428B-94B2-9F65EC59A9AF}"
EndProject
Project("{FAE04EC0-301F-11D3-BF4B-00C04F79EFBC}") = "Bai4.4", "Bai4.4\Bai4.4.csproj", "{E0E92F63-1008-4CB3-BBE0-538AB93C823B}"
EndProject
Global
	GlobalSection(SolutionConfigurationPlatforms) = preSolution
		Debug|Any CPU = Debug|Any CPU
		Release|Any CPU = Release|Any CPU
	EndGlobalSection
	GlobalSection(ProjectConfigurationPlatforms) = postSolution
		{2658090F-9AF5-4E55-99E8-ECBF50F84DF9}.Debug|Any CPU.ActiveCfg = Debug|Any CPU
		{2658090F-9AF5-4E55-99E8-ECBF50F84DF9}.Debug|Any CPU.Build.0 = Debug|Any CPU
		{2658090F-9AF5-4E55-99E8-ECBF50F84DF9}.Release|Any CPU.ActiveCfg = Release|Any CPU
		{2658090F-9AF5-4E55-99E8-ECBF50F84DF9}.Release|Any CPU.Build.0 = Release|Any CPU
		{5991EB2D-843D-42B8-BB5D-0F011873A5DC}.Debug|Any CPU.ActiveCfg = Debug|Any CPU
		{5991EB2D-843D-42B8-BB5D-0F011873A5DC}.Debug|Any CPU.Build.0 = Debug|Any CPU
		{5991EB2D-843D-42B8-BB5D-0F011873A5DC}.Release|Any CPU.ActiveCfg = Release|Any CPU
		{5991EB2D-843D-42B8-BB5D-0F011873A5DC}.Release|Any CPU.Build.0 = Release|Any CPU
		{B10EE8DE-CA8E-4689-83BC-3AB2A874A05C}.Debug|Any CPU.ActiveCfg = Debug|Any CPU
		{B10EE8DE-CA8E-4689-83BC-3AB2A874A05C}.Debug|Any CPU.Build.0 = Debug|Any CPU
		{B10EE8DE-CA8E-4689-83BC-3AB2A874A05C}.Release|Any CPU.ActiveCfg = Release|Any CPU
		{B10EE8DE-CA8E-4689-83BC-3AB2A874A05C}.Release|Any CPU.Build.0 = Release|Any CPU
		{70EEC719-FABC-4526-97E5-DB5BE4F30CFF}.Debug|Any CPU.ActiveCfg = Debug|Any CPU
		{70EEC719-FABC-4526-97E5-DB5BE4F30CFF}.Debug|Any CPU.Build.0 = Debug|Any CPU
		{70EEC719-FABC-4526-97E5-DB5BE4F30CFF}.Release|Any CPU.ActiveCfg = Release|Any CPU
		{70EEC719-FABC-4526-97E5-DB5BE4F30CFF}.Release|Any CPU.Build.0 = Release|Any CPU
		{404C4A77-1E5B-48DB-9275-FDF79AF46B42}.Debug|Any CPU.ActiveCfg = Debug|Any CPU
		{404C4A77-1E5B-48DB-9275-FDF79AF46B42}.Debug|Any CPU.Build.0 = Debug|Any CPU
		{404C4A77-1E5B-48DB-9275-FDF79AF46B42}.Release|Any CPU.ActiveCfg = Release|Any CPU
		{404C4A77-1E5B-48DB-9275-FDF79AF46B42}.Release|Any CPU.Build.0 = Release|Any CPU
		{F652A163-6889-4945-99C1-C6490F76EF0A}.Debug|Any CPU.ActiveCfg = Debug|Any CPU
		{F652A163-6889-4945-99C1-C6490F76EF0A}.Debug|Any CPU.Build.0 = Debug|Any CPU
		{F652A163-6889-4945-99C1-C6490F76EF0A}.Release|Any CPU.ActiveCfg = Release|Any CPU
		{F652A163-6889-4945-99C1-C6490F76EF0A}.Release|Any CPU.Build.0 = Release|Any CPU
		{3D7406EE-1B95-489E-AF14-F55664D8355B}.Debug|Any CPU.ActiveCfg = Debug|Any CPU
		{3D7406EE-1B95-489E-AF14-F55664D8355B}.Debug|Any CPU.Build.0 = Debug|Any CPU
		{3D7406EE-1B95-489E-AF14-F55664D8355B}.Release|Any CPU.ActiveCfg = Release|Any CPU
		{3D7406EE-1B95-489E-AF14-F55664D8355B}.Release|Any CPU.Build.0 = Release|Any CPU
		{A9468C75-B37D-48D9-8389-A0C24FE92B68}.Debug|Any CPU.ActiveCfg = Debug|Any CPU
		{A9468C75-B37D-48D9-8389-A0C24FE92B68}.Debug|Any CPU.Build.0 = Debug|Any CPU
		{A9468C75-B37D-48D9-8389-A0C24FE92B68}.Release|Any CPU.ActiveCfg = Release|Any CPU
		{A9468C75-B37D-48D9-8389-A0C24FE92B68}.Release|Any CPU.Build.0 = Release|Any CPU
		{70131BBA-FA88-457E-A769-FA2DE5CE493C}.Debug|Any CPU.ActiveCfg = Debug|Any CPU
		{70131BBA-FA88-457E-A769-FA2DE5CE493C}.Debug|Any CPU.Build.0 = Debug|Any CPU
		{70131BBA-FA88-457E-A769-FA2DE5CE493C}.Release|Any CPU.ActiveCfg = Release|Any CPU
		{70131BBA-FA88-457E-A769-FA2DE5CE493C}.Release|Any CPU.Build.0 = Release|Any CPU
		{9523D25C-A3BC-4E09-9AB3-1CE4522479D1}.Debug|Any CPU.ActiveCfg = Debug|Any CPU
		{9523D25C-A3BC-4E09-9AB3-1CE4522479D1}.Debug|Any CPU.Build.0 = Debug|Any CPU
		{9523D25C-A3BC-4E09-9AB3-1CE4522479D1}.Release|Any CPU.ActiveCfg = Release|Any CPU
		{9523D25C-A3BC-4E09-9AB3-1CE4522479D1}.Release|Any CPU.Build.0 = Release|Any CPU
		{7BD7CC3E-CFFA-4CE9-A538-21F4233E1A16}.Debug|Any CPU.ActiveCfg = Debug|Any CPU
		{7BD7CC3E-CFFA-4CE9-A538-21F4233E1A16}.Debug|Any CPU.Build.0 = Debug|Any CPU
		{7BD7CC3E-CFFA-4CE9-A538-21F4233E1A16}.Release|Any CPU.ActiveCfg = Release|Any CPU
		{7BD7CC3E-CFFA-4CE9-A538-21F4233E1A16}.Release|Any CPU.Build.0 = Release|Any CPU
		{75396CEC-F2A1-4913-B93D-F7610832ADEA}.Debug|Any CPU.ActiveCfg = Debug|Any CPU
		{75396CEC-F2A1-4913-B93D-F7610832ADEA}.Debug|Any CPU.Build.0 = Debug|Any CPU
		{75396CEC-F2A1-4913-B93D-F7610832ADEA}.Release|Any CPU.ActiveCfg = Release|Any CPU
		{75396CEC-F2A1-4913-B93D-F7610832ADEA}.Release|Any CPU.Build.0 = Release|Any CPU
		{914947C3-E8CE-43F4-A1BA-460FE345FDE9}.Debug|Any CPU.ActiveCfg = Debug|Any CPU
		{914947C3-E8CE-43F4-A1BA-460FE345FDE9}.Debug|Any CPU.Build.0 = Debug|Any CPU
		{914947C3-E8CE-43F4-A1BA-460FE345FDE9}.Release|Any CPU.ActiveCfg = Release|Any CPU
		{914947C3-E8CE-43F4-A1BA-460FE345FDE9}.Release|Any CPU.Build.0 = Release|Any CPU
		{8ABF165E-7F97-4889-98F4-8A12D9A95DD6}.Debug|Any CPU.ActiveCfg = Debug|Any CPU
		{8ABF165E-7F97-4889-98F4-8A12D9A95DD6}.Debug|Any CPU.Build.0 = Debug|Any CPU
		{8ABF165E-7F97-4889-98F4-8A12D9A95DD6}.Release|Any CPU.ActiveCfg = Release|Any CPU
		{8ABF165E-7F97-4889-98F4-8A12D9A95DD6}.Release|Any CPU.Build.0 = Release|Any CPU
		{8DBE60A0-0C6C-4994-8062-3AC675AC20D7}.Debug|Any CPU.ActiveCfg = Debug|Any CPU
		{8DBE60A0-0C6C-4994-8062-3AC675AC20D7}.Debug|Any CPU.Build.0 = Debug|Any CPU
		{8DBE60A0-0C6C-4994-8062-3AC675AC20D7}.Release|Any CPU.ActiveCfg = Release|Any CPU
		{8DBE60A0-0C6C-4994-8062-3AC675AC20D7}.Release|Any CPU.Build.0 = Release|Any CPU
		{12F29F18-69AF-4EDD-8373-1BA3DB52A956}.Debug|Any CPU.ActiveCfg = Debug|Any CPU
		{12F29F18-69AF-4EDD-8373-1BA3DB52A956}.Debug|Any CPU.Build.0 = Debug|Any CPU
		{12F29F18-69AF-4EDD-8373-1BA3DB52A956}.Release|Any CPU.ActiveCfg = Release|Any CPU
		{12F29F18-69AF-4EDD-8373-1BA3DB52A956}.Release|Any CPU.Build.0 = Release|Any CPU
		{6375F635-55D1-49CC-9440-D8EB3261A32C}.Debug|Any CPU.ActiveCfg = Debug|Any CPU
		{6375F635-55D1-49CC-9440-D8EB3261A32C}.Debug|Any CPU.Build.0 = Debug|Any CPU
		{6375F635-55D1-49CC-9440-D8EB3261A32C}.Release|Any CPU.ActiveCfg = Release|Any CPU
		{6375F635-55D1-49CC-9440-D8EB3261A32C}.Release|Any CPU.Build.0 = Release|Any CPU
		{91816BCA-C374-409C-B961-5084E952B947}.Debug|Any CPU.ActiveCfg = Debug|Any CPU
		{91816BCA-C374-409C-B961-5084E952B947}.Debug|Any CPU.Build.0 = Debug|Any CPU
		{91816BCA-C374-409C-B961-5084E952B947}.Release|Any CPU.ActiveCfg = Release|Any CPU
		{91816BCA-C374-409C-B961-5084E952B947}.Release|Any CPU.Build.0 = Release|Any CPU
		{1CBE9158-B490-450F-8948-BBDE94F8B0C0}.Debug|Any CPU.ActiveCfg = Debug|Any CPU
		{1CBE9158-B490-450F-8948-BBDE94F8B0C0}.Debug|Any CPU.Build.0 = Debug|Any CPU
		{1CBE9158-B490-450F-8948-BBDE94F8B0C0}.Release|Any CPU.ActiveCfg = Release|Any CPU
		{1CBE9158-B490-450F-8948-BBDE94F8B0C0}.Release|Any CPU.Build.0 = Release|Any CPU
		{CD9929A3-BF69-499D-907D-4F7DE3F256C9}.Debug|Any CPU.ActiveCfg = Debug|Any CPU
		{CD9929A3-BF69-499D-907D-4F7DE3F256C9}.Debug|Any CPU.Build.0 = Debug|Any CPU
		{CD9929A3-BF69-499D-907D-4F7DE3F256C9}.Release|Any CPU.ActiveCfg = Release|Any CPU
		{CD9929A3-BF69-499D-907D-4F7DE3F256C9}.Release|Any CPU.Build.0 = Release|Any CPU
		{9E1C5108-CB93-434C-BFD2-4943B650DE1D}.Debug|Any CPU.ActiveCfg = Debug|Any CPU
		{9E1C5108-CB93-434C-BFD2-4943B650DE1D}.Debug|Any CPU.Build.0 = Debug|Any CPU
		{9E1C5108-CB93-434C-BFD2-4943B650DE1D}.Release|Any CPU.ActiveCfg = Release|Any CPU
		{9E1C5108-CB93-434C-BFD2-4943B650DE1D}.Release|Any CPU.Build.0 = Release|Any CPU
		{7EB76816-5841-428B-94B2-9F65EC59A9AF}.Debug|Any CPU.ActiveCfg = Debug|Any CPU
		{7EB76816-5841-428B-94B2-9F65EC59A9AF}.Debug|Any CPU.Build.0 = Debug|Any CPU
		{7EB76816-5841-428B-94B2-9F65EC59A9AF}.Release|Any CPU.ActiveCfg = Release|Any CPU
		{7EB76816-5841-428B-94B2-9F65EC59A9AF}.Release|Any CPU.Build.0 = Release|Any CPU
		{E0E92F63-1008-4CB3-BBE0-538AB93C823B}.Debug|Any CPU.ActiveCfg = Debug|Any CPU
		{E0E92F63-1008-4CB3-BBE0-538AB93C823B}.Debug|Any CPU.Build.0 = Debug|Any CPU
		{E0E92F63-1008-4CB3-BBE0-538AB93C823B}.Release|Any CPU.ActiveCfg = Release|Any CPU
		{E0E92F63-1008-4CB3-BBE0-538AB93C823B}.Release|Any CPU.Build.0 = Release|Any CPU
	EndGlobalSection
	GlobalSection(SolutionProperties) = preSolution
		HideSolutionNode = FALSE
	EndGlobalSection
	GlobalSection(ExtensibilityGlobals) = postSolution
		SolutionGuid = {A3184E59-19A2-437D-85BA-E60288589F25}
	EndGlobalSection
EndGlobal
